{
  "originHash" : "f6c2c4155afec322916b8cd2f49f051a1e2bc59cf038988e2cfb12f8017620c6",
  "pins" : [
    {
      "identity" : "navigationbackport",
      "kind" : "remoteSourceControl",
      "location" : "https://github.com/johnpatrickmorgan/NavigationBackport.git",
      "state" : {
        "branch" : "main",
        "revision" : "540d823fdfbbe495cbbe0afc80c409d63c9995c0"
      }
    }
  ],
  "version" : 3
}
