{
  "originHash" : "d53805996b01cf26a64c0bc978d674f0ec107fad1226c5697e89f36fb45aa48c",
  "pins" : [
    {
      "identity" : "navigationbackport",
      "kind" : "remoteSourceControl",
      "location" : "https://github.com/johnpatrickmorgan/NavigationBackport.git",
      "state" : {
        "revision" : "540d823fdfbbe495cbbe0afc80c409d63c9995c0"
      }
    }
  ],
  "version" : 3
}
